
Microsoft Visual Studio Solution File, Format Version 12.00
# Visual Studio Version 16
VisualStudioVersion = 16.0.34601.136
MinimumVisualStudioVersion = 10.0.40219.1
Project("{FAE04EC0-301F-11D3-BF4B-00C04F79EFBC}") = "LogAndOst(WPF)", "LogAndOst(WPF)\LogAndOst(WPF).csproj", "{63673BBE-9D94-4BE7-B866-6D65EA89998A}"
EndProject
Global
	GlobalSection(SolutionConfigurationPlatforms) = preSolution
		Debug|Any CPU = Debug|Any CPU
		Release|Any CPU = Release|Any CPU
	EndGlobalSection
	GlobalSection(ProjectConfigurationPlatforms) = postSolution
		{63673BBE-9D94-4BE7-B866-6D65EA89998A}.Debug|Any CPU.ActiveCfg = Debug|Any CPU
		{63673BBE-9D94-4BE7-B866-6D65EA89998A}.Debug|Any CPU.Build.0 = Debug|Any CPU
		{63673BBE-9D94-4BE7-B866-6D65EA89998A}.Release|Any CPU.ActiveCfg = Release|Any CPU
		{63673BBE-9D94-4BE7-B866-6D65EA89998A}.Release|Any CPU.Build.0 = Release|Any CPU
	EndGlobalSection
	GlobalSection(SolutionProperties) = preSolution
		HideSolutionNode = FALSE
	EndGlobalSection
	GlobalSection(ExtensibilityGlobals) = postSolution
		SolutionGuid = {BB2F8F55-E563-4308-891C-5A077C2033B8}
	EndGlobalSection
EndGlobal
